
Microsoft Visual Studio Solution File, Format Version 12.00
# Visual Studio Version 17
VisualStudioVersion = 17.11.35327.3
MinimumVisualStudioVersion = 10.0.40219.1
Project("{9A19103F-16F7-4668-BE54-9A1E7A4F7556}") = "wwmsFront", "wwmsFront\wwmsFront.csproj", "{447FD239-900C-46F4-907F-4E65352D3B7D}"
EndProject
Project("{9A19103F-16F7-4668-BE54-9A1E7A4F7556}") = "backend", "backend\backend.csproj", "{EC9DBE01-866F-43D1-A18E-91023D2B038E}"
EndProject
Global
	GlobalSection(SolutionConfigurationPlatforms) = preSolution
		Debug|Any CPU = Debug|Any CPU
		Release|Any CPU = Release|Any CPU
	EndGlobalSection
	GlobalSection(ProjectConfigurationPlatforms) = postSolution
		{447FD239-900C-46F4-907F-4E65352D3B7D}.Debug|Any CPU.ActiveCfg = Debug|Any CPU
		{447FD239-900C-46F4-907F-4E65352D3B7D}.Debug|Any CPU.Build.0 = Debug|Any CPU
		{447FD239-900C-46F4-907F-4E65352D3B7D}.Release|Any CPU.ActiveCfg = Release|Any CPU
		{447FD239-900C-46F4-907F-4E65352D3B7D}.Release|Any CPU.Build.0 = Release|Any CPU
		{EC9DBE01-866F-43D1-A18E-91023D2B038E}.Debug|Any CPU.ActiveCfg = Debug|Any CPU
		{EC9DBE01-866F-43D1-A18E-91023D2B038E}.Debug|Any CPU.Build.0 = Debug|Any CPU
		{EC9DBE01-866F-43D1-A18E-91023D2B038E}.Release|Any CPU.ActiveCfg = Release|Any CPU
		{EC9DBE01-866F-43D1-A18E-91023D2B038E}.Release|Any CPU.Build.0 = Release|Any CPU
	EndGlobalSection
	GlobalSection(SolutionProperties) = preSolution
		HideSolutionNode = FALSE
	EndGlobalSection
	GlobalSection(ExtensibilityGlobals) = postSolution
		SolutionGuid = {8A179757-9465-40D9-AF3E-8397D6DEC015}
	EndGlobalSection
EndGlobal
